
Microsoft Visual Studio Solution File, Format Version 12.00
# Visual Studio Version 17
VisualStudioVersion = 17.9.34616.47
MinimumVisualStudioVersion = 10.0.40219.1
Project("{2150E333-8FDC-42A3-9474-1A3956D46DE8}") = "MhozaifaA", "MhozaifaA", "{3BEDC7FD-A43F-442E-A03C-88BC166644AC}"
	ProjectSection(SolutionItems) = preProject
		MhozaifaA\LICENSE.md = MhozaifaA\LICENSE.md
		MhozaifaA\Readme.md = MhozaifaA\Readme.md
	EndProjectSection
EndProject
Project("{2150E333-8FDC-42A3-9474-1A3956D46DE8}") = "Meteors", "Meteors", "{6249385E-B51B-4DBA-96FF-E2DB781BBC72}"
EndProject
Project("{9A19103F-16F7-4668-BE54-9A1E7A4F7556}") = "Meteors.AspNetCore", "MhozaifaA\Meteors\Meteors.AspNetCore\Meteors.AspNetCore.csproj", "{2ED22999-3A50-4FC6-BDAA-A55D6B90082A}"
EndProject
Project("{2150E333-8FDC-42A3-9474-1A3956D46DE8}") = "Infrastructure", "Infrastructure", "{B19AC2DF-1781-4647-A60F-E4D6C2582202}"
EndProject
Project("{2150E333-8FDC-42A3-9474-1A3956D46DE8}") = "Databases", "Databases", "{19596D0F-F171-4FEC-A615-EC4699F6C972}"
EndProject
Project("{2150E333-8FDC-42A3-9474-1A3956D46DE8}") = "Models", "Models", "{B2D34A00-2A17-498B-A886-5028383E4BDD}"
EndProject
Project("{9A19103F-16F7-4668-BE54-9A1E7A4F7556}") = "NoteLinqApp.Infrastructure.Models", "Infrastructure\Models\NoteLinqApp.Infrastructure.Models\NoteLinqApp.Infrastructure.Models.csproj", "{A8E9FF80-5B6C-453B-9487-368814CDA96E}"
EndProject
Project("{9A19103F-16F7-4668-BE54-9A1E7A4F7556}") = "NoteLinqApp.Infrastructure.Databases.InMemory", "Infrastructure\Databases\NoteLinqApp.Infrastructure.Databases.InMemory\NoteLinqApp.Infrastructure.Databases.InMemory.csproj", "{0D6E8161-99ED-454E-860E-2216D13DFE98}"
EndProject
Project("{2150E333-8FDC-42A3-9474-1A3956D46DE8}") = "Applications", "Applications", "{4A0D7E8E-2782-4872-A81D-CC33C0B1A40C}"
EndProject
Project("{2150E333-8FDC-42A3-9474-1A3956D46DE8}") = "Presentation", "Presentation", "{0490F3D8-4EC3-4DFB-8C3A-5BB3360B52B6}"
EndProject
Project("{2150E333-8FDC-42A3-9474-1A3956D46DE8}") = "WebAPIs", "WebAPIs", "{4E08D2CD-6BC3-4C75-A9D8-158861C9E00F}"
EndProject
Project("{9A19103F-16F7-4668-BE54-9A1E7A4F7556}") = "NoteLinqAppAPI", "Applications\WebAPIs\NoteLinqAppAPI\NoteLinqAppAPI.csproj", "{F0356DD3-85A3-4727-8208-9822D313061F}"
EndProject
Project("{2150E333-8FDC-42A3-9474-1A3956D46DE8}") = "Core", "Core", "{D7CE1582-3575-43AC-AFD2-6D48150A5A35}"
EndProject
Project("{9A19103F-16F7-4668-BE54-9A1E7A4F7556}") = "NoteLinqApp.Core", "Core\NoteLinqApp.Core\NoteLinqApp.Core.csproj", "{F01EAD0C-5296-43BD-BE05-DADD9AB2C45E}"
EndProject
Project("{2150E333-8FDC-42A3-9474-1A3956D46DE8}") = "Domain", "Domain", "{E056C128-2E62-41DD-89B0-80B33CDCD5AC}"
EndProject
Project("{2150E333-8FDC-42A3-9474-1A3956D46DE8}") = "BoundedContext", "BoundedContext", "{9B86235C-4F3F-4BB1-98FB-FB57EF60195F}"
EndProject
Project("{2150E333-8FDC-42A3-9474-1A3956D46DE8}") = "DataTransfer", "DataTransfer", "{06B00E07-A9D3-4144-B591-E3B7FB8B53E4}"
EndProject
Project("{2150E333-8FDC-42A3-9474-1A3956D46DE8}") = "Repositories", "Repositories", "{60665D75-C457-4713-B7D9-A4D40CD334A9}"
EndProject
Project("{9A19103F-16F7-4668-BE54-9A1E7A4F7556}") = "NoteLinqApp.BoundedContext.DataTransferObjects", "BoundedContext\DataTransfer\NoteLinqApp.BoundedContext.DataTransferObjects\NoteLinqApp.BoundedContext.DataTransferObjects.csproj", "{EA23C157-BA70-4A2B-B869-F12728F6154B}"
EndProject
Project("{9A19103F-16F7-4668-BE54-9A1E7A4F7556}") = "NoteLinqApp.Domain", "Domain\NoteLinqApp.Domain\NoteLinqApp.Domain.csproj", "{2E92E5B5-0B2C-4058-AFCD-B7EDF55B9898}"
EndProject
Project("{2150E333-8FDC-42A3-9474-1A3956D46DE8}") = "Services", "Services", "{9D328C1F-E0EE-4CD5-8828-2336DE012586}"
EndProject
Project("{9A19103F-16F7-4668-BE54-9A1E7A4F7556}") = "NoteLinqApp.BoundedContext.Repositories.Security", "BoundedContext\Repositories\NoteLinqApp.BoundedContext.Repositories.Security\NoteLinqApp.BoundedContext.Repositories.Security.csproj", "{38FE6349-8A0B-458B-A386-D846A0FAA629}"
EndProject
Project("{9A19103F-16F7-4668-BE54-9A1E7A4F7556}") = "NoteLinqApp.BoundedContext.Services.Main", "BoundedContext\Services\NoteLinqApp.BoundedContext.Services.Main\NoteLinqApp.BoundedContext.Services.Main.csproj", "{48AAE63B-F7E5-469A-9C4B-3AD0924D17E8}"
EndProject
Project("{E24C65DC-7377-472B-9ABA-BC803B73C61A}") = "NoteLinqApp", "Applications\Presentation\NoteLinqApp\", "{8D4EF7D3-2E29-49BF-9574-7352B6CC25E2}"
	ProjectSection(WebsiteProperties) = preProject
		TargetFrameworkMoniker = ".NETFramework,Version%3Dv4.0"
		Debug.AspNetCompiler.VirtualPath = "/localhost_61477"
		Debug.AspNetCompiler.PhysicalPath = "Applications\Presentation\NoteLinqApp\"
		Debug.AspNetCompiler.TargetPath = "PrecompiledWeb\localhost_61477\"
		Debug.AspNetCompiler.Updateable = "true"
		Debug.AspNetCompiler.ForceOverwrite = "true"
		Debug.AspNetCompiler.FixedNames = "false"
		Debug.AspNetCompiler.Debug = "True"
		Release.AspNetCompiler.VirtualPath = "/localhost_61477"
		Release.AspNetCompiler.PhysicalPath = "Applications\Presentation\NoteLinqApp\"
		Release.AspNetCompiler.TargetPath = "PrecompiledWeb\localhost_61477\"
		Release.AspNetCompiler.Updateable = "true"
		Release.AspNetCompiler.ForceOverwrite = "true"
		Release.AspNetCompiler.FixedNames = "false"
		Release.AspNetCompiler.Debug = "False"
		VWDPort = "61477"
	EndProjectSection
EndProject
Global
	GlobalSection(SolutionConfigurationPlatforms) = preSolution
		Debug|Any CPU = Debug|Any CPU
		Release|Any CPU = Release|Any CPU
	EndGlobalSection
	GlobalSection(ProjectConfigurationPlatforms) = postSolution
		{2ED22999-3A50-4FC6-BDAA-A55D6B90082A}.Debug|Any CPU.ActiveCfg = Debug|Any CPU
		{2ED22999-3A50-4FC6-BDAA-A55D6B90082A}.Debug|Any CPU.Build.0 = Debug|Any CPU
		{2ED22999-3A50-4FC6-BDAA-A55D6B90082A}.Release|Any CPU.ActiveCfg = Release|Any CPU
		{2ED22999-3A50-4FC6-BDAA-A55D6B90082A}.Release|Any CPU.Build.0 = Release|Any CPU
		{A8E9FF80-5B6C-453B-9487-368814CDA96E}.Debug|Any CPU.ActiveCfg = Debug|Any CPU
		{A8E9FF80-5B6C-453B-9487-368814CDA96E}.Debug|Any CPU.Build.0 = Debug|Any CPU
		{A8E9FF80-5B6C-453B-9487-368814CDA96E}.Release|Any CPU.ActiveCfg = Release|Any CPU
		{A8E9FF80-5B6C-453B-9487-368814CDA96E}.Release|Any CPU.Build.0 = Release|Any CPU
		{0D6E8161-99ED-454E-860E-2216D13DFE98}.Debug|Any CPU.ActiveCfg = Debug|Any CPU
		{0D6E8161-99ED-454E-860E-2216D13DFE98}.Debug|Any CPU.Build.0 = Debug|Any CPU
		{0D6E8161-99ED-454E-860E-2216D13DFE98}.Release|Any CPU.ActiveCfg = Release|Any CPU
		{0D6E8161-99ED-454E-860E-2216D13DFE98}.Release|Any CPU.Build.0 = Release|Any CPU
		{F0356DD3-85A3-4727-8208-9822D313061F}.Debug|Any CPU.ActiveCfg = Debug|Any CPU
		{F0356DD3-85A3-4727-8208-9822D313061F}.Debug|Any CPU.Build.0 = Debug|Any CPU
		{F0356DD3-85A3-4727-8208-9822D313061F}.Release|Any CPU.ActiveCfg = Release|Any CPU
		{F0356DD3-85A3-4727-8208-9822D313061F}.Release|Any CPU.Build.0 = Release|Any CPU
		{F01EAD0C-5296-43BD-BE05-DADD9AB2C45E}.Debug|Any CPU.ActiveCfg = Debug|Any CPU
		{F01EAD0C-5296-43BD-BE05-DADD9AB2C45E}.Debug|Any CPU.Build.0 = Debug|Any CPU
		{F01EAD0C-5296-43BD-BE05-DADD9AB2C45E}.Release|Any CPU.ActiveCfg = Release|Any CPU
		{F01EAD0C-5296-43BD-BE05-DADD9AB2C45E}.Release|Any CPU.Build.0 = Release|Any CPU
		{EA23C157-BA70-4A2B-B869-F12728F6154B}.Debug|Any CPU.ActiveCfg = Debug|Any CPU
		{EA23C157-BA70-4A2B-B869-F12728F6154B}.Debug|Any CPU.Build.0 = Debug|Any CPU
		{EA23C157-BA70-4A2B-B869-F12728F6154B}.Release|Any CPU.ActiveCfg = Release|Any CPU
		{EA23C157-BA70-4A2B-B869-F12728F6154B}.Release|Any CPU.Build.0 = Release|Any CPU
		{2E92E5B5-0B2C-4058-AFCD-B7EDF55B9898}.Debug|Any CPU.ActiveCfg = Debug|Any CPU
		{2E92E5B5-0B2C-4058-AFCD-B7EDF55B9898}.Debug|Any CPU.Build.0 = Debug|Any CPU
		{2E92E5B5-0B2C-4058-AFCD-B7EDF55B9898}.Release|Any CPU.ActiveCfg = Release|Any CPU
		{2E92E5B5-0B2C-4058-AFCD-B7EDF55B9898}.Release|Any CPU.Build.0 = Release|Any CPU
		{38FE6349-8A0B-458B-A386-D846A0FAA629}.Debug|Any CPU.ActiveCfg = Debug|Any CPU
		{38FE6349-8A0B-458B-A386-D846A0FAA629}.Debug|Any CPU.Build.0 = Debug|Any CPU
		{38FE6349-8A0B-458B-A386-D846A0FAA629}.Release|Any CPU.ActiveCfg = Release|Any CPU
		{38FE6349-8A0B-458B-A386-D846A0FAA629}.Release|Any CPU.Build.0 = Release|Any CPU
		{48AAE63B-F7E5-469A-9C4B-3AD0924D17E8}.Debug|Any CPU.ActiveCfg = Debug|Any CPU
		{48AAE63B-F7E5-469A-9C4B-3AD0924D17E8}.Debug|Any CPU.Build.0 = Debug|Any CPU
		{48AAE63B-F7E5-469A-9C4B-3AD0924D17E8}.Release|Any CPU.ActiveCfg = Release|Any CPU
		{48AAE63B-F7E5-469A-9C4B-3AD0924D17E8}.Release|Any CPU.Build.0 = Release|Any CPU
		{8D4EF7D3-2E29-49BF-9574-7352B6CC25E2}.Debug|Any CPU.ActiveCfg = Debug|Any CPU
		{8D4EF7D3-2E29-49BF-9574-7352B6CC25E2}.Debug|Any CPU.Build.0 = Debug|Any CPU
		{8D4EF7D3-2E29-49BF-9574-7352B6CC25E2}.Release|Any CPU.ActiveCfg = Debug|Any CPU
		{8D4EF7D3-2E29-49BF-9574-7352B6CC25E2}.Release|Any CPU.Build.0 = Debug|Any CPU
	EndGlobalSection
	GlobalSection(SolutionProperties) = preSolution
		HideSolutionNode = FALSE
	EndGlobalSection
	GlobalSection(NestedProjects) = preSolution
		{6249385E-B51B-4DBA-96FF-E2DB781BBC72} = {3BEDC7FD-A43F-442E-A03C-88BC166644AC}
		{2ED22999-3A50-4FC6-BDAA-A55D6B90082A} = {6249385E-B51B-4DBA-96FF-E2DB781BBC72}
		{19596D0F-F171-4FEC-A615-EC4699F6C972} = {B19AC2DF-1781-4647-A60F-E4D6C2582202}
		{B2D34A00-2A17-498B-A886-5028383E4BDD} = {B19AC2DF-1781-4647-A60F-E4D6C2582202}
		{A8E9FF80-5B6C-453B-9487-368814CDA96E} = {B2D34A00-2A17-498B-A886-5028383E4BDD}
		{0D6E8161-99ED-454E-860E-2216D13DFE98} = {19596D0F-F171-4FEC-A615-EC4699F6C972}
		{0490F3D8-4EC3-4DFB-8C3A-5BB3360B52B6} = {4A0D7E8E-2782-4872-A81D-CC33C0B1A40C}
		{4E08D2CD-6BC3-4C75-A9D8-158861C9E00F} = {4A0D7E8E-2782-4872-A81D-CC33C0B1A40C}
		{F0356DD3-85A3-4727-8208-9822D313061F} = {4E08D2CD-6BC3-4C75-A9D8-158861C9E00F}
		{F01EAD0C-5296-43BD-BE05-DADD9AB2C45E} = {D7CE1582-3575-43AC-AFD2-6D48150A5A35}
		{06B00E07-A9D3-4144-B591-E3B7FB8B53E4} = {9B86235C-4F3F-4BB1-98FB-FB57EF60195F}
		{60665D75-C457-4713-B7D9-A4D40CD334A9} = {9B86235C-4F3F-4BB1-98FB-FB57EF60195F}
		{EA23C157-BA70-4A2B-B869-F12728F6154B} = {06B00E07-A9D3-4144-B591-E3B7FB8B53E4}
		{2E92E5B5-0B2C-4058-AFCD-B7EDF55B9898} = {E056C128-2E62-41DD-89B0-80B33CDCD5AC}
		{9D328C1F-E0EE-4CD5-8828-2336DE012586} = {9B86235C-4F3F-4BB1-98FB-FB57EF60195F}
		{38FE6349-8A0B-458B-A386-D846A0FAA629} = {60665D75-C457-4713-B7D9-A4D40CD334A9}
		{48AAE63B-F7E5-469A-9C4B-3AD0924D17E8} = {9D328C1F-E0EE-4CD5-8828-2336DE012586}
		{8D4EF7D3-2E29-49BF-9574-7352B6CC25E2} = {0490F3D8-4EC3-4DFB-8C3A-5BB3360B52B6}
	EndGlobalSection
	GlobalSection(ExtensibilityGlobals) = postSolution
		SolutionGuid = {AA8C3F0B-218C-4F39-9EB5-BCDFF1A25AE9}
	EndGlobalSection
EndGlobal
